<?xml version="1.0" encoding="utf-8"?>
<Project ToolsVersion="4.0" xmlns="http://schemas.microsoft.com/developer/msbuild/2003">
  <ItemGroup>
    <Filter Include="Исходные файлы">
      <UniqueIdentifier>{4FC737F1-C7A5-4376-A066-2A32D752A2FF}</UniqueIdentifier>
      <Extensions>cpp;c;cc;cxx;c++;cppm;ixx;def;odl;idl;hpj;bat;asm;asmx</Extensions>
    </Filter>
    <Filter Include="Файлы заголовков">
      <UniqueIdentifier>{93995380-89BD-4b04-88EB-625FBE52EBFB}</UniqueIdentifier>
      <Extensions>h;hh;hpp;hxx;h++;hm;inl;inc;ipp;xsd</Extensions>
    </Filter>
    <Filter Include="Файлы ресурсов">
      <UniqueIdentifier>{67DA6AB6-F800-4c08-8B7A-83BB121AAD01}</UniqueIdentifier>
      <Extensions>rc;ico;cur;bmp;dlg;rc2;rct;bin;rgs;gif;jpg;jpeg;jpe;resx;tiff;tif;png;wav;mfcribbon-ms</Extensions>
    </Filter>
  </ItemGroup>
  <ItemGroup>
    <ClCompile Include="MainForm.cpp">
      <Filter>Исходные файлы</Filter>
    </ClCompile>
    <ClCompile Include="LoginForm.cpp">
      <Filter>Исходные файлы</Filter>
    </ClCompile>
    <ClCompile Include="RegistrationForm.cpp">
      <Filter>Исходные файлы</Filter>
    </ClCompile>
    <ClCompile Include="TestNow.cpp">
      <Filter>Исходные файлы</Filter>
    </ClCompile>
    <ClCompile Include="TestingForm.cpp">
      <Filter>Исходные файлы</Filter>
    </ClCompile>
    <ClCompile Include="InformationForm.cpp">
      <Filter>Исходные файлы</Filter>
    </ClCompile>
    <ClCompile Include="ResultForm.cpp">
      <Filter>Исходные файлы</Filter>
    </ClCompile>
    <ClCompile Include="PasswordGenerator.cpp">
      <Filter>Исходные файлы</Filter>
    </ClCompile>
  </ItemGroup>
  <ItemGroup>
    <ClInclude Include="MainForm.h">
      <Filter>Исходные файлы</Filter>
    </ClInclude>
    <ClInclude Include="LoginForm.h">
      <Filter>Исходные файлы</Filter>
    </ClInclude>
    <ClInclude Include="RegistrationForm.h">
      <Filter>Исходные файлы</Filter>
    </ClInclude>
    <ClInclude Include="TestNow.h">
      <Filter>Файлы заголовков</Filter>
    </ClInclude>
    <ClInclude Include="TestingForm.h">
      <Filter>Исходные файлы</Filter>
    </ClInclude>
    <ClInclude Include="InformationForm.h">
      <Filter>Исходные файлы</Filter>
    </ClInclude>
    <ClInclude Include="ResultForm.h">
      <Filter>Исходные файлы</Filter>
    </ClInclude>
    <ClInclude Include="PasswordGenerator.h">
      <Filter>Исходные файлы</Filter>
    </ClInclude>
  </ItemGroup>
  <ItemGroup>
    <Text Include="answers_right.txt">
      <Filter>Файлы ресурсов</Filter>
    </Text>
    <Text Include="answers_stud.txt">
      <Filter>Файлы ресурсов</Filter>
    </Text>
    <Text Include="answers.txt">
      <Filter>Файлы ресурсов</Filter>
    </Text>
    <Text Include="logins_adm.txt">
      <Filter>Файлы ресурсов</Filter>
    </Text>
    <Text Include="passwords_adm.txt">
      <Filter>Файлы ресурсов</Filter>
    </Text>
    <Text Include="questions.txt">
      <Filter>Файлы ресурсов</Filter>
    </Text>
    <Text Include="results.txt">
      <Filter>Файлы ресурсов</Filter>
    </Text>
    <Text Include="logins.txt">
      <Filter>Файлы ресурсов</Filter>
    </Text>
    <Text Include="passwords.txt">
      <Filter>Файлы ресурсов</Filter>
    </Text>
    <Text Include="audit.txt">
      <Filter>Файлы ресурсов</Filter>
    </Text>
  </ItemGroup>
</Project>